// !$*UTF8*$!
{
	archiveVersion = 1;
	classes = {
	};
	objectVersion = 51;
	objects = {

/* Begin PBXBuildFile section */
		C270EC198657D17EA2675692 /* Pods_SpotifyMock.framework in Frameworks */ = {isa = PBXBuildFile; fileRef = 12AC1F2924A21D4398F22411 /* Pods_SpotifyMock.framework */; };
		F50DC81026DEB9D200848DC7 /* NewReleasesResponse.swift in Sources */ = {isa = PBXBuildFile; fileRef = F50DC80F26DEB9D200848DC7 /* NewReleasesResponse.swift */; };
		F50DC81226DEBAC300848DC7 /* APIImage.swift in Sources */ = {isa = PBXBuildFile; fileRef = F50DC81126DEBAC300848DC7 /* APIImage.swift */; };
		F50DC81426DEBC2000848DC7 /* Album.swift in Sources */ = {isa = PBXBuildFile; fileRef = F50DC81326DEBC2000848DC7 /* Album.swift */; };
		F50DC81626DFD52C00848DC7 /* Playlist.swift in Sources */ = {isa = PBXBuildFile; fileRef = F50DC81526DFD52C00848DC7 /* Playlist.swift */; };
		F50DC81826DFD58E00848DC7 /* FeaturedPlaylistResponse.swift in Sources */ = {isa = PBXBuildFile; fileRef = F50DC81726DFD58E00848DC7 /* FeaturedPlaylistResponse.swift */; };
		F50DC81A26DFD62900848DC7 /* PlaylistResponse.swift in Sources */ = {isa = PBXBuildFile; fileRef = F50DC81926DFD62900848DC7 /* PlaylistResponse.swift */; };
		F50DC81C26DFDB5100848DC7 /* RecommendedGenresResponse.swift in Sources */ = {isa = PBXBuildFile; fileRef = F50DC81B26DFDB5100848DC7 /* RecommendedGenresResponse.swift */; };
		F50DC81E26E1196D00848DC7 /* RecommendationsResponse.swift in Sources */ = {isa = PBXBuildFile; fileRef = F50DC81D26E1196D00848DC7 /* RecommendationsResponse.swift */; };
		F50DC82126E25F8700848DC7 /* NewReleaseCollectionViewCell.swift in Sources */ = {isa = PBXBuildFile; fileRef = F50DC82026E25F8700848DC7 /* NewReleaseCollectionViewCell.swift */; };
		F50DC82326E25FA800848DC7 /* FeaturedPlaylistCollectionViewCell.swift in Sources */ = {isa = PBXBuildFile; fileRef = F50DC82226E25FA800848DC7 /* FeaturedPlaylistCollectionViewCell.swift */; };
		F50DC82526E25FBB00848DC7 /* RecommendedTrackCollectionViewCell.swift in Sources */ = {isa = PBXBuildFile; fileRef = F50DC82426E25FBB00848DC7 /* RecommendedTrackCollectionViewCell.swift */; };
		F50DC82726E26C6500848DC7 /* NewReleasesCellViewModel.swift in Sources */ = {isa = PBXBuildFile; fileRef = F50DC82626E26C6500848DC7 /* NewReleasesCellViewModel.swift */; };
		F50DC84F26E9420500848DC7 /* FeaturedPlaylistCellViewModel.swift in Sources */ = {isa = PBXBuildFile; fileRef = F50DC84E26E9420500848DC7 /* FeaturedPlaylistCellViewModel.swift */; };
		F50DC85126E9423B00848DC7 /* RecommendedTrackCellViewModel.swift in Sources */ = {isa = PBXBuildFile; fileRef = F50DC85026E9423B00848DC7 /* RecommendedTrackCellViewModel.swift */; };
		F50DC85326E954C600848DC7 /* User.swift in Sources */ = {isa = PBXBuildFile; fileRef = F50DC85226E954C600848DC7 /* User.swift */; };
		F58B62D426D97E40006D27FA /* SettingsModels.swift in Sources */ = {isa = PBXBuildFile; fileRef = F58B62D326D97E40006D27FA /* SettingsModels.swift */; };
		F5A131AC26D7E8C100110A1D /* AppDelegate.swift in Sources */ = {isa = PBXBuildFile; fileRef = F5A131AB26D7E8C100110A1D /* AppDelegate.swift */; };
		F5A131AE26D7E8C100110A1D /* SceneDelegate.swift in Sources */ = {isa = PBXBuildFile; fileRef = F5A131AD26D7E8C100110A1D /* SceneDelegate.swift */; };
		F5A131B026D7E8C100110A1D /* HomeViewController.swift in Sources */ = {isa = PBXBuildFile; fileRef = F5A131AF26D7E8C100110A1D /* HomeViewController.swift */; };
		F5A131B626D7E8C100110A1D /* SpotifyMock.xcdatamodeld in Sources */ = {isa = PBXBuildFile; fileRef = F5A131B426D7E8C100110A1D /* SpotifyMock.xcdatamodeld */; };
		F5A131B826D7E8C200110A1D /* Assets.xcassets in Resources */ = {isa = PBXBuildFile; fileRef = F5A131B726D7E8C200110A1D /* Assets.xcassets */; };
		F5A131BB26D7E8C200110A1D /* LaunchScreen.storyboard in Resources */ = {isa = PBXBuildFile; fileRef = F5A131B926D7E8C200110A1D /* LaunchScreen.storyboard */; };
		F5A131C926D7EB6B00110A1D /* TabBarViewController.swift in Sources */ = {isa = PBXBuildFile; fileRef = F5A131C826D7EB6B00110A1D /* TabBarViewController.swift */; };
		F5A131CB26D7EBD200110A1D /* SearchViewController.swift in Sources */ = {isa = PBXBuildFile; fileRef = F5A131CA26D7EBD200110A1D /* SearchViewController.swift */; };
		F5A131CD26D7EBE400110A1D /* LibraryViewController.swift in Sources */ = {isa = PBXBuildFile; fileRef = F5A131CC26D7EBE400110A1D /* LibraryViewController.swift */; };
		F5A131D126D7F4AD00110A1D /* AuthViewController.swift in Sources */ = {isa = PBXBuildFile; fileRef = F5A131D026D7F4AD00110A1D /* AuthViewController.swift */; };
		F5A131D326D7F4BE00110A1D /* WelcomeViewController.swift in Sources */ = {isa = PBXBuildFile; fileRef = F5A131D226D7F4BE00110A1D /* WelcomeViewController.swift */; };
		F5A131D526D7F4D400110A1D /* SettingsViewController.swift in Sources */ = {isa = PBXBuildFile; fileRef = F5A131D426D7F4D400110A1D /* SettingsViewController.swift */; };
		F5A131D726D7F4DF00110A1D /* ProfileViewController.swift in Sources */ = {isa = PBXBuildFile; fileRef = F5A131D626D7F4DF00110A1D /* ProfileViewController.swift */; };
		F5A131D926D7F4EA00110A1D /* PlayerViewController.swift in Sources */ = {isa = PBXBuildFile; fileRef = F5A131D826D7F4EA00110A1D /* PlayerViewController.swift */; };
		F5A131DB26D7F4F700110A1D /* PlaylistViewController.swift in Sources */ = {isa = PBXBuildFile; fileRef = F5A131DA26D7F4F700110A1D /* PlaylistViewController.swift */; };
		F5A131DD26D7F50E00110A1D /* SearchResultsViewController.swift in Sources */ = {isa = PBXBuildFile; fileRef = F5A131DC26D7F50E00110A1D /* SearchResultsViewController.swift */; };
		F5A131DF26D7F53000110A1D /* AuthManager.swift in Sources */ = {isa = PBXBuildFile; fileRef = F5A131DE26D7F53000110A1D /* AuthManager.swift */; };
		F5A131E126D7F58100110A1D /* APICaller.swift in Sources */ = {isa = PBXBuildFile; fileRef = F5A131E026D7F58000110A1D /* APICaller.swift */; };
		F5A131E326D7F58B00110A1D /* HapticsManager.swift in Sources */ = {isa = PBXBuildFile; fileRef = F5A131E226D7F58B00110A1D /* HapticsManager.swift */; };
		F5A131E726D7F5AB00110A1D /* AudioTrack.swift in Sources */ = {isa = PBXBuildFile; fileRef = F5A131E626D7F5AB00110A1D /* AudioTrack.swift */; };
		F5A131E926D7F5B200110A1D /* Artist.swift in Sources */ = {isa = PBXBuildFile; fileRef = F5A131E826D7F5B200110A1D /* Artist.swift */; };
		F5A131EB26D7F5C500110A1D /* UserProfile.swift in Sources */ = {isa = PBXBuildFile; fileRef = F5A131EA26D7F5C500110A1D /* UserProfile.swift */; };
		F5A131ED26D7FF8C00110A1D /* Extensions.swift in Sources */ = {isa = PBXBuildFile; fileRef = F5A131EC26D7FF8C00110A1D /* Extensions.swift */; };
		F5A131EF26D8234B00110A1D /* AuthResponse.swift in Sources */ = {isa = PBXBuildFile; fileRef = F5A131EE26D8234B00110A1D /* AuthResponse.swift */; };
/* End PBXBuildFile section */

/* Begin PBXFileReference section */
		12AC1F2924A21D4398F22411 /* Pods_SpotifyMock.framework */ = {isa = PBXFileReference; explicitFileType = wrapper.framework; includeInIndex = 0; path = Pods_SpotifyMock.framework; sourceTree = BUILT_PRODUCTS_DIR; };
		24E66B478EAD23645936EE31 /* Pods-SpotifyMock.debug.xcconfig */ = {isa = PBXFileReference; includeInIndex = 1; lastKnownFileType = text.xcconfig; name = "Pods-SpotifyMock.debug.xcconfig"; path = "Target Support Files/Pods-SpotifyMock/Pods-SpotifyMock.debug.xcconfig"; sourceTree = "<group>"; };
		615F647DB35431BCC9A53F37 /* Pods-SpotifyMock.release.xcconfig */ = {isa = PBXFileReference; includeInIndex = 1; lastKnownFileType = text.xcconfig; name = "Pods-SpotifyMock.release.xcconfig"; path = "Target Support Files/Pods-SpotifyMock/Pods-SpotifyMock.release.xcconfig"; sourceTree = "<group>"; };
		F50DC80F26DEB9D200848DC7 /* NewReleasesResponse.swift */ = {isa = PBXFileReference; lastKnownFileType = sourcecode.swift; path = NewReleasesResponse.swift; sourceTree = "<group>"; };
		F50DC81126DEBAC300848DC7 /* APIImage.swift */ = {isa = PBXFileReference; lastKnownFileType = sourcecode.swift; path = APIImage.swift; sourceTree = "<group>"; };
		F50DC81326DEBC2000848DC7 /* Album.swift */ = {isa = PBXFileReference; lastKnownFileType = sourcecode.swift; path = Album.swift; sourceTree = "<group>"; };
		F50DC81526DFD52C00848DC7 /* Playlist.swift */ = {isa = PBXFileReference; lastKnownFileType = sourcecode.swift; path = Playlist.swift; sourceTree = "<group>"; };
		F50DC81726DFD58E00848DC7 /* FeaturedPlaylistResponse.swift */ = {isa = PBXFileReference; lastKnownFileType = sourcecode.swift; path = FeaturedPlaylistResponse.swift; sourceTree = "<group>"; };
		F50DC81926DFD62900848DC7 /* PlaylistResponse.swift */ = {isa = PBXFileReference; lastKnownFileType = sourcecode.swift; path = PlaylistResponse.swift; sourceTree = "<group>"; };
		F50DC81B26DFDB5100848DC7 /* RecommendedGenresResponse.swift */ = {isa = PBXFileReference; lastKnownFileType = sourcecode.swift; path = RecommendedGenresResponse.swift; sourceTree = "<group>"; };
		F50DC81D26E1196D00848DC7 /* RecommendationsResponse.swift */ = {isa = PBXFileReference; lastKnownFileType = sourcecode.swift; path = RecommendationsResponse.swift; sourceTree = "<group>"; };
		F50DC82026E25F8700848DC7 /* NewReleaseCollectionViewCell.swift */ = {isa = PBXFileReference; lastKnownFileType = sourcecode.swift; path = NewReleaseCollectionViewCell.swift; sourceTree = "<group>"; };
		F50DC82226E25FA800848DC7 /* FeaturedPlaylistCollectionViewCell.swift */ = {isa = PBXFileReference; lastKnownFileType = sourcecode.swift; path = FeaturedPlaylistCollectionViewCell.swift; sourceTree = "<group>"; };
		F50DC82426E25FBB00848DC7 /* RecommendedTrackCollectionViewCell.swift */ = {isa = PBXFileReference; lastKnownFileType = sourcecode.swift; path = RecommendedTrackCollectionViewCell.swift; sourceTree = "<group>"; };
		F50DC82626E26C6500848DC7 /* NewReleasesCellViewModel.swift */ = {isa = PBXFileReference; lastKnownFileType = sourcecode.swift; path = NewReleasesCellViewModel.swift; sourceTree = "<group>"; };
		F50DC84E26E9420500848DC7 /* FeaturedPlaylistCellViewModel.swift */ = {isa = PBXFileReference; lastKnownFileType = sourcecode.swift; path = FeaturedPlaylistCellViewModel.swift; sourceTree = "<group>"; };
		F50DC85026E9423B00848DC7 /* RecommendedTrackCellViewModel.swift */ = {isa = PBXFileReference; lastKnownFileType = sourcecode.swift; path = RecommendedTrackCellViewModel.swift; sourceTree = "<group>"; };
		F50DC85226E954C600848DC7 /* User.swift */ = {isa = PBXFileReference; lastKnownFileType = sourcecode.swift; path = User.swift; sourceTree = "<group>"; };
		F58B62D326D97E40006D27FA /* SettingsModels.swift */ = {isa = PBXFileReference; lastKnownFileType = sourcecode.swift; path = SettingsModels.swift; sourceTree = "<group>"; };
		F5A131A826D7E8C100110A1D /* SpotifyMock.app */ = {isa = PBXFileReference; explicitFileType = wrapper.application; includeInIndex = 0; path = SpotifyMock.app; sourceTree = BUILT_PRODUCTS_DIR; };
		F5A131AB26D7E8C100110A1D /* AppDelegate.swift */ = {isa = PBXFileReference; lastKnownFileType = sourcecode.swift; path = AppDelegate.swift; sourceTree = "<group>"; };
		F5A131AD26D7E8C100110A1D /* SceneDelegate.swift */ = {isa = PBXFileReference; lastKnownFileType = sourcecode.swift; path = SceneDelegate.swift; sourceTree = "<group>"; };
		F5A131AF26D7E8C100110A1D /* HomeViewController.swift */ = {isa = PBXFileReference; lastKnownFileType = sourcecode.swift; path = HomeViewController.swift; sourceTree = "<group>"; };
		F5A131B526D7E8C100110A1D /* SpotifyMock.xcdatamodel */ = {isa = PBXFileReference; lastKnownFileType = wrapper.xcdatamodel; path = SpotifyMock.xcdatamodel; sourceTree = "<group>"; };
		F5A131B726D7E8C200110A1D /* Assets.xcassets */ = {isa = PBXFileReference; lastKnownFileType = folder.assetcatalog; path = Assets.xcassets; sourceTree = "<group>"; };
		F5A131BA26D7E8C200110A1D /* Base */ = {isa = PBXFileReference; lastKnownFileType = file.storyboard; name = Base; path = Base.lproj/LaunchScreen.storyboard; sourceTree = "<group>"; };
		F5A131BC26D7E8C200110A1D /* Info.plist */ = {isa = PBXFileReference; lastKnownFileType = text.plist.xml; path = Info.plist; sourceTree = "<group>"; };
		F5A131C826D7EB6B00110A1D /* TabBarViewController.swift */ = {isa = PBXFileReference; lastKnownFileType = sourcecode.swift; path = TabBarViewController.swift; sourceTree = "<group>"; };
		F5A131CA26D7EBD200110A1D /* SearchViewController.swift */ = {isa = PBXFileReference; lastKnownFileType = sourcecode.swift; path = SearchViewController.swift; sourceTree = "<group>"; };
		F5A131CC26D7EBE400110A1D /* LibraryViewController.swift */ = {isa = PBXFileReference; lastKnownFileType = sourcecode.swift; path = LibraryViewController.swift; sourceTree = "<group>"; };
		F5A131D026D7F4AD00110A1D /* AuthViewController.swift */ = {isa = PBXFileReference; lastKnownFileType = sourcecode.swift; path = AuthViewController.swift; sourceTree = "<group>"; };
		F5A131D226D7F4BE00110A1D /* WelcomeViewController.swift */ = {isa = PBXFileReference; lastKnownFileType = sourcecode.swift; path = WelcomeViewController.swift; sourceTree = "<group>"; };
		F5A131D426D7F4D400110A1D /* SettingsViewController.swift */ = {isa = PBXFileReference; lastKnownFileType = sourcecode.swift; path = SettingsViewController.swift; sourceTree = "<group>"; };
		F5A131D626D7F4DF00110A1D /* ProfileViewController.swift */ = {isa = PBXFileReference; lastKnownFileType = sourcecode.swift; path = ProfileViewController.swift; sourceTree = "<group>"; };
		F5A131D826D7F4EA00110A1D /* PlayerViewController.swift */ = {isa = PBXFileReference; lastKnownFileType = sourcecode.swift; path = PlayerViewController.swift; sourceTree = "<group>"; };
		F5A131DA26D7F4F700110A1D /* PlaylistViewController.swift */ = {isa = PBXFileReference; lastKnownFileType = sourcecode.swift; path = PlaylistViewController.swift; sourceTree = "<group>"; };
		F5A131DC26D7F50E00110A1D /* SearchResultsViewController.swift */ = {isa = PBXFileReference; lastKnownFileType = sourcecode.swift; path = SearchResultsViewController.swift; sourceTree = "<group>"; };
		F5A131DE26D7F53000110A1D /* AuthManager.swift */ = {isa = PBXFileReference; lastKnownFileType = sourcecode.swift; path = AuthManager.swift; sourceTree = "<group>"; };
		F5A131E026D7F58000110A1D /* APICaller.swift */ = {isa = PBXFileReference; lastKnownFileType = sourcecode.swift; path = APICaller.swift; sourceTree = "<group>"; };
		F5A131E226D7F58B00110A1D /* HapticsManager.swift */ = {isa = PBXFileReference; lastKnownFileType = sourcecode.swift; path = HapticsManager.swift; sourceTree = "<group>"; };
		F5A131E626D7F5AB00110A1D /* AudioTrack.swift */ = {isa = PBXFileReference; lastKnownFileType = sourcecode.swift; path = AudioTrack.swift; sourceTree = "<group>"; };
		F5A131E826D7F5B200110A1D /* Artist.swift */ = {isa = PBXFileReference; lastKnownFileType = sourcecode.swift; path = Artist.swift; sourceTree = "<group>"; };
		F5A131EA26D7F5C500110A1D /* UserProfile.swift */ = {isa = PBXFileReference; lastKnownFileType = sourcecode.swift; path = UserProfile.swift; sourceTree = "<group>"; };
		F5A131EC26D7FF8C00110A1D /* Extensions.swift */ = {isa = PBXFileReference; lastKnownFileType = sourcecode.swift; path = Extensions.swift; sourceTree = "<group>"; };
		F5A131EE26D8234B00110A1D /* AuthResponse.swift */ = {isa = PBXFileReference; lastKnownFileType = sourcecode.swift; path = AuthResponse.swift; sourceTree = "<group>"; };
/* End PBXFileReference section */

/* Begin PBXFrameworksBuildPhase section */
		F5A131A526D7E8C100110A1D /* Frameworks */ = {
			isa = PBXFrameworksBuildPhase;
			buildActionMask = 2147483647;
			files = (
				C270EC198657D17EA2675692 /* Pods_SpotifyMock.framework in Frameworks */,
			);
			runOnlyForDeploymentPostprocessing = 0;
		};
/* End PBXFrameworksBuildPhase section */

/* Begin PBXGroup section */
		5FD9220F6C59A2096FADE7AC /* Frameworks */ = {
			isa = PBXGroup;
			children = (
				12AC1F2924A21D4398F22411 /* Pods_SpotifyMock.framework */,
			);
			name = Frameworks;
			sourceTree = "<group>";
		};
		E82E14EF8C65E600537629AF /* Pods */ = {
			isa = PBXGroup;
			children = (
				24E66B478EAD23645936EE31 /* Pods-SpotifyMock.debug.xcconfig */,
				615F647DB35431BCC9A53F37 /* Pods-SpotifyMock.release.xcconfig */,
			);
			path = Pods;
			sourceTree = "<group>";
		};
		F50DC81F26E25F5C00848DC7 /* Browse */ = {
			isa = PBXGroup;
			children = (
				F50DC82026E25F8700848DC7 /* NewReleaseCollectionViewCell.swift */,
				F50DC82226E25FA800848DC7 /* FeaturedPlaylistCollectionViewCell.swift */,
				F50DC82426E25FBB00848DC7 /* RecommendedTrackCollectionViewCell.swift */,
			);
			path = Browse;
			sourceTree = "<group>";
		};
		F5A1319F26D7E8C100110A1D = {
			isa = PBXGroup;
			children = (
				F5A131AA26D7E8C100110A1D /* SpotifyMock */,
				F5A131A926D7E8C100110A1D /* Products */,
				E82E14EF8C65E600537629AF /* Pods */,
				5FD9220F6C59A2096FADE7AC /* Frameworks */,
			);
			sourceTree = "<group>";
		};
		F5A131A926D7E8C100110A1D /* Products */ = {
			isa = PBXGroup;
			children = (
				F5A131A826D7E8C100110A1D /* SpotifyMock.app */,
			);
			name = Products;
			sourceTree = "<group>";
		};
		F5A131AA26D7E8C100110A1D /* SpotifyMock */ = {
			isa = PBXGroup;
			children = (
				F5A131C726D7E98700110A1D /* Resources */,
				F5A131C626D7E97C00110A1D /* Managers */,
				F5A131C526D7E97000110A1D /* ViewModels */,
				F5A131C426D7E91C00110A1D /* Views */,
				F5A131C326D7E91600110A1D /* Models */,
				F5A131C226D7E91000110A1D /* Controllers */,
				F5A131BC26D7E8C200110A1D /* Info.plist */,
				F5A131B426D7E8C100110A1D /* SpotifyMock.xcdatamodeld */,
			);
			path = SpotifyMock;
			sourceTree = "<group>";
		};
		F5A131C226D7E91000110A1D /* Controllers */ = {
			isa = PBXGroup;
			children = (
				F5A131CF26D7F49500110A1D /* Other */,
				F5A131CE26D7EBF100110A1D /* Core */,
			);
			path = Controllers;
			sourceTree = "<group>";
		};
		F5A131C326D7E91600110A1D /* Models */ = {
			isa = PBXGroup;
			children = (
				F5A131E626D7F5AB00110A1D /* AudioTrack.swift */,
				F5A131E826D7F5B200110A1D /* Artist.swift */,
				F5A131EA26D7F5C500110A1D /* UserProfile.swift */,
				F5A131EE26D8234B00110A1D /* AuthResponse.swift */,
				F58B62D326D97E40006D27FA /* SettingsModels.swift */,
				F50DC80F26DEB9D200848DC7 /* NewReleasesResponse.swift */,
				F50DC81126DEBAC300848DC7 /* APIImage.swift */,
				F50DC81326DEBC2000848DC7 /* Album.swift */,
				F50DC81526DFD52C00848DC7 /* Playlist.swift */,
				F50DC81726DFD58E00848DC7 /* FeaturedPlaylistResponse.swift */,
				F50DC81926DFD62900848DC7 /* PlaylistResponse.swift */,
				F50DC81B26DFDB5100848DC7 /* RecommendedGenresResponse.swift */,
				F50DC81D26E1196D00848DC7 /* RecommendationsResponse.swift */,
				F50DC85226E954C600848DC7 /* User.swift */,
			);
			path = Models;
			sourceTree = "<group>";
		};
		F5A131C426D7E91C00110A1D /* Views */ = {
			isa = PBXGroup;
			children = (
				F50DC81F26E25F5C00848DC7 /* Browse */,
				F5A131B926D7E8C200110A1D /* LaunchScreen.storyboard */,
			);
			path = Views;
			sourceTree = "<group>";
		};
		F5A131C526D7E97000110A1D /* ViewModels */ = {
			isa = PBXGroup;
			children = (
				F50DC82626E26C6500848DC7 /* NewReleasesCellViewModel.swift */,
				F50DC84E26E9420500848DC7 /* FeaturedPlaylistCellViewModel.swift */,
				F50DC85026E9423B00848DC7 /* RecommendedTrackCellViewModel.swift */,
			);
			path = ViewModels;
			sourceTree = "<group>";
		};
		F5A131C626D7E97C00110A1D /* Managers */ = {
			isa = PBXGroup;
			children = (
				F5A131DE26D7F53000110A1D /* AuthManager.swift */,
				F5A131E026D7F58000110A1D /* APICaller.swift */,
				F5A131E226D7F58B00110A1D /* HapticsManager.swift */,
			);
			path = Managers;
			sourceTree = "<group>";
		};
		F5A131C726D7E98700110A1D /* Resources */ = {
			isa = PBXGroup;
			children = (
				F5A131AB26D7E8C100110A1D /* AppDelegate.swift */,
				F5A131AD26D7E8C100110A1D /* SceneDelegate.swift */,
				F5A131B726D7E8C200110A1D /* Assets.xcassets */,
				F5A131EC26D7FF8C00110A1D /* Extensions.swift */,
			);
			path = Resources;
			sourceTree = "<group>";
		};
		F5A131CE26D7EBF100110A1D /* Core */ = {
			isa = PBXGroup;
			children = (
				F5A131C826D7EB6B00110A1D /* TabBarViewController.swift */,
				F5A131AF26D7E8C100110A1D /* HomeViewController.swift */,
				F5A131CA26D7EBD200110A1D /* SearchViewController.swift */,
				F5A131CC26D7EBE400110A1D /* LibraryViewController.swift */,
			);
			path = Core;
			sourceTree = "<group>";
		};
		F5A131CF26D7F49500110A1D /* Other */ = {
			isa = PBXGroup;
			children = (
				F5A131D026D7F4AD00110A1D /* AuthViewController.swift */,
				F5A131D226D7F4BE00110A1D /* WelcomeViewController.swift */,
				F5A131D426D7F4D400110A1D /* SettingsViewController.swift */,
				F5A131D626D7F4DF00110A1D /* ProfileViewController.swift */,
				F5A131D826D7F4EA00110A1D /* PlayerViewController.swift */,
				F5A131DA26D7F4F700110A1D /* PlaylistViewController.swift */,
				F5A131DC26D7F50E00110A1D /* SearchResultsViewController.swift */,
			);
			path = Other;
			sourceTree = "<group>";
		};
/* End PBXGroup section */

/* Begin PBXNativeTarget section */
		F5A131A726D7E8C100110A1D /* SpotifyMock */ = {
			isa = PBXNativeTarget;
			buildConfigurationList = F5A131BF26D7E8C200110A1D /* Build configuration list for PBXNativeTarget "SpotifyMock" */;
			buildPhases = (
				32A03517774CDDDDA55E9478 /* [CP] Check Pods Manifest.lock */,
				F5A131A426D7E8C100110A1D /* Sources */,
				F5A131A526D7E8C100110A1D /* Frameworks */,
				F5A131A626D7E8C100110A1D /* Resources */,
				6EBB8AC5C1A2DD8C20BFDF22 /* [CP] Embed Pods Frameworks */,
			);
			buildRules = (
			);
			dependencies = (
			);
			name = SpotifyMock;
			productName = SpotifyMock;
			productReference = F5A131A826D7E8C100110A1D /* SpotifyMock.app */;
			productType = "com.apple.product-type.application";
		};
/* End PBXNativeTarget section */

/* Begin PBXProject section */
		F5A131A026D7E8C100110A1D /* Project object */ = {
			isa = PBXProject;
			attributes = {
				LastSwiftUpdateCheck = 1250;
				LastUpgradeCheck = 1250;
				TargetAttributes = {
					F5A131A726D7E8C100110A1D = {
						CreatedOnToolsVersion = 12.5.1;
					};
				};
			};
			buildConfigurationList = F5A131A326D7E8C100110A1D /* Build configuration list for PBXProject "SpotifyMock" */;
			compatibilityVersion = "Xcode 9.3";
			developmentRegion = en;
			hasScannedForEncodings = 0;
			knownRegions = (
				en,
				Base,
			);
			mainGroup = F5A1319F26D7E8C100110A1D;
			productRefGroup = F5A131A926D7E8C100110A1D /* Products */;
			projectDirPath = "";
			projectRoot = "";
			targets = (
				F5A131A726D7E8C100110A1D /* SpotifyMock */,
			);
		};
/* End PBXProject section */

/* Begin PBXResourcesBuildPhase section */
		F5A131A626D7E8C100110A1D /* Resources */ = {
			isa = PBXResourcesBuildPhase;
			buildActionMask = 2147483647;
			files = (
				F5A131BB26D7E8C200110A1D /* LaunchScreen.storyboard in Resources */,
				F5A131B826D7E8C200110A1D /* Assets.xcassets in Resources */,
			);
			runOnlyForDeploymentPostprocessing = 0;
		};
/* End PBXResourcesBuildPhase section */

/* Begin PBXShellScriptBuildPhase section */
		32A03517774CDDDDA55E9478 /* [CP] Check Pods Manifest.lock */ = {
			isa = PBXShellScriptBuildPhase;
			buildActionMask = 2147483647;
			files = (
			);
			inputFileListPaths = (
			);
			inputPaths = (
				"${PODS_PODFILE_DIR_PATH}/Podfile.lock",
				"${PODS_ROOT}/Manifest.lock",
			);
			name = "[CP] Check Pods Manifest.lock";
			outputFileListPaths = (
			);
			outputPaths = (
				"$(DERIVED_FILE_DIR)/Pods-SpotifyMock-checkManifestLockResult.txt",
			);
			runOnlyForDeploymentPostprocessing = 0;
			shellPath = /bin/sh;
			shellScript = "diff \"${PODS_PODFILE_DIR_PATH}/Podfile.lock\" \"${PODS_ROOT}/Manifest.lock\" > /dev/null\nif [ $? != 0 ] ; then\n    # print error to STDERR\n    echo \"error: The sandbox is not in sync with the Podfile.lock. Run 'pod install' or update your CocoaPods installation.\" >&2\n    exit 1\nfi\n# This output is used by Xcode 'outputs' to avoid re-running this script phase.\necho \"SUCCESS\" > \"${SCRIPT_OUTPUT_FILE_0}\"\n";
			showEnvVarsInLog = 0;
		};
		6EBB8AC5C1A2DD8C20BFDF22 /* [CP] Embed Pods Frameworks */ = {
			isa = PBXShellScriptBuildPhase;
			buildActionMask = 2147483647;
			files = (
			);
			inputFileListPaths = (
				"${PODS_ROOT}/Target Support Files/Pods-SpotifyMock/Pods-SpotifyMock-frameworks-${CONFIGURATION}-input-files.xcfilelist",
			);
			name = "[CP] Embed Pods Frameworks";
			outputFileListPaths = (
				"${PODS_ROOT}/Target Support Files/Pods-SpotifyMock/Pods-SpotifyMock-frameworks-${CONFIGURATION}-output-files.xcfilelist",
			);
			runOnlyForDeploymentPostprocessing = 0;
			shellPath = /bin/sh;
			shellScript = "\"${PODS_ROOT}/Target Support Files/Pods-SpotifyMock/Pods-SpotifyMock-frameworks.sh\"\n";
			showEnvVarsInLog = 0;
		};
/* End PBXShellScriptBuildPhase section */

/* Begin PBXSourcesBuildPhase section */
		F5A131A426D7E8C100110A1D /* Sources */ = {
			isa = PBXSourcesBuildPhase;
			buildActionMask = 2147483647;
			files = (
				F50DC81E26E1196D00848DC7 /* RecommendationsResponse.swift in Sources */,
				F5A131D326D7F4BE00110A1D /* WelcomeViewController.swift in Sources */,
				F5A131E726D7F5AB00110A1D /* AudioTrack.swift in Sources */,
				F5A131EB26D7F5C500110A1D /* UserProfile.swift in Sources */,
				F50DC81626DFD52C00848DC7 /* Playlist.swift in Sources */,
				F5A131CB26D7EBD200110A1D /* SearchViewController.swift in Sources */,
				F58B62D426D97E40006D27FA /* SettingsModels.swift in Sources */,
				F50DC82726E26C6500848DC7 /* NewReleasesCellViewModel.swift in Sources */,
				F50DC84F26E9420500848DC7 /* FeaturedPlaylistCellViewModel.swift in Sources */,
				F5A131B626D7E8C100110A1D /* SpotifyMock.xcdatamodeld in Sources */,
				F50DC81226DEBAC300848DC7 /* APIImage.swift in Sources */,
				F5A131D526D7F4D400110A1D /* SettingsViewController.swift in Sources */,
				F50DC81026DEB9D200848DC7 /* NewReleasesResponse.swift in Sources */,
				F50DC82126E25F8700848DC7 /* NewReleaseCollectionViewCell.swift in Sources */,
				F5A131DF26D7F53000110A1D /* AuthManager.swift in Sources */,
				F5A131DB26D7F4F700110A1D /* PlaylistViewController.swift in Sources */,
				F5A131DD26D7F50E00110A1D /* SearchResultsViewController.swift in Sources */,
				F5A131ED26D7FF8C00110A1D /* Extensions.swift in Sources */,
				F50DC85326E954C600848DC7 /* User.swift in Sources */,
				F50DC82526E25FBB00848DC7 /* RecommendedTrackCollectionViewCell.swift in Sources */,
				F5A131E126D7F58100110A1D /* APICaller.swift in Sources */,
				F5A131E326D7F58B00110A1D /* HapticsManager.swift in Sources */,
				F5A131B026D7E8C100110A1D /* HomeViewController.swift in Sources */,
				F50DC82326E25FA800848DC7 /* FeaturedPlaylistCollectionViewCell.swift in Sources */,
				F5A131D926D7F4EA00110A1D /* PlayerViewController.swift in Sources */,
				F5A131AC26D7E8C100110A1D /* AppDelegate.swift in Sources */,
				F5A131D726D7F4DF00110A1D /* ProfileViewController.swift in Sources */,
				F5A131D126D7F4AD00110A1D /* AuthViewController.swift in Sources */,
				F50DC81C26DFDB5100848DC7 /* RecommendedGenresResponse.swift in Sources */,
				F5A131CD26D7EBE400110A1D /* LibraryViewController.swift in Sources */,
				F5A131C926D7EB6B00110A1D /* TabBarViewController.swift in Sources */,
				F50DC85126E9423B00848DC7 /* RecommendedTrackCellViewModel.swift in Sources */,
				F50DC81A26DFD62900848DC7 /* PlaylistResponse.swift in Sources */,
				F50DC81426DEBC2000848DC7 /* Album.swift in Sources */,
				F5A131E926D7F5B200110A1D /* Artist.swift in Sources */,
				F5A131EF26D8234B00110A1D /* AuthResponse.swift in Sources */,
				F50DC81826DFD58E00848DC7 /* FeaturedPlaylistResponse.swift in Sources */,
				F5A131AE26D7E8C100110A1D /* SceneDelegate.swift in Sources */,
			);
			runOnlyForDeploymentPostprocessing = 0;
		};
/* End PBXSourcesBuildPhase section */

/* Begin PBXVariantGroup section */
		F5A131B926D7E8C200110A1D /* LaunchScreen.storyboard */ = {
			isa = PBXVariantGroup;
			children = (
				F5A131BA26D7E8C200110A1D /* Base */,
			);
			name = LaunchScreen.storyboard;
			sourceTree = "<group>";
		};
/* End PBXVariantGroup section */

/* Begin XCBuildConfiguration section */
		F5A131BD26D7E8C200110A1D /* Debug */ = {
			isa = XCBuildConfiguration;
			buildSettings = {
				ALWAYS_SEARCH_USER_PATHS = NO;
				CLANG_ANALYZER_NONNULL = YES;
				CLANG_ANALYZER_NUMBER_OBJECT_CONVERSION = YES_AGGRESSIVE;
				CLANG_CXX_LANGUAGE_STANDARD = "gnu++14";
				CLANG_CXX_LIBRARY = "libc++";
				CLANG_ENABLE_MODULES = YES;
				CLANG_ENABLE_OBJC_ARC = YES;
				CLANG_ENABLE_OBJC_WEAK = YES;
				CLANG_WARN_BLOCK_CAPTURE_AUTORELEASING = YES;
				CLANG_WARN_BOOL_CONVERSION = YES;
				CLANG_WARN_COMMA = YES;
				CLANG_WARN_CONSTANT_CONVERSION = YES;
				CLANG_WARN_DEPRECATED_OBJC_IMPLEMENTATIONS = YES;
				CLANG_WARN_DIRECT_OBJC_ISA_USAGE = YES_ERROR;
				CLANG_WARN_DOCUMENTATION_COMMENTS = YES;
				CLANG_WARN_EMPTY_BODY = YES;
				CLANG_WARN_ENUM_CONVERSION = YES;
				CLANG_WARN_INFINITE_RECURSION = YES;
				CLANG_WARN_INT_CONVERSION = YES;
				CLANG_WARN_NON_LITERAL_NULL_CONVERSION = YES;
				CLANG_WARN_OBJC_IMPLICIT_RETAIN_SELF = YES;
				CLANG_WARN_OBJC_LITERAL_CONVERSION = YES;
				CLANG_WARN_OBJC_ROOT_CLASS = YES_ERROR;
				CLANG_WARN_QUOTED_INCLUDE_IN_FRAMEWORK_HEADER = YES;
				CLANG_WARN_RANGE_LOOP_ANALYSIS = YES;
				CLANG_WARN_STRICT_PROTOTYPES = YES;
				CLANG_WARN_SUSPICIOUS_MOVE = YES;
				CLANG_WARN_UNGUARDED_AVAILABILITY = YES_AGGRESSIVE;
				CLANG_WARN_UNREACHABLE_CODE = YES;
				CLANG_WARN__DUPLICATE_METHOD_MATCH = YES;
				COPY_PHASE_STRIP = NO;
				DEBUG_INFORMATION_FORMAT = dwarf;
				ENABLE_STRICT_OBJC_MSGSEND = YES;
				ENABLE_TESTABILITY = YES;
				GCC_C_LANGUAGE_STANDARD = gnu11;
				GCC_DYNAMIC_NO_PIC = NO;
				GCC_NO_COMMON_BLOCKS = YES;
				GCC_OPTIMIZATION_LEVEL = 0;
				GCC_PREPROCESSOR_DEFINITIONS = (
					"DEBUG=1",
					"$(inherited)",
				);
				GCC_WARN_64_TO_32_BIT_CONVERSION = YES;
				GCC_WARN_ABOUT_RETURN_TYPE = YES_ERROR;
				GCC_WARN_UNDECLARED_SELECTOR = YES;
				GCC_WARN_UNINITIALIZED_AUTOS = YES_AGGRESSIVE;
				GCC_WARN_UNUSED_FUNCTION = YES;
				GCC_WARN_UNUSED_VARIABLE = YES;
				IPHONEOS_DEPLOYMENT_TARGET = 14.5;
				MTL_ENABLE_DEBUG_INFO = INCLUDE_SOURCE;
				MTL_FAST_MATH = YES;
				ONLY_ACTIVE_ARCH = YES;
				SDKROOT = iphoneos;
				SWIFT_ACTIVE_COMPILATION_CONDITIONS = DEBUG;
				SWIFT_OPTIMIZATION_LEVEL = "-Onone";
			};
			name = Debug;
		};
		F5A131BE26D7E8C200110A1D /* Release */ = {
			isa = XCBuildConfiguration;
			buildSettings = {
				ALWAYS_SEARCH_USER_PATHS = NO;
				CLANG_ANALYZER_NONNULL = YES;
				CLANG_ANALYZER_NUMBER_OBJECT_CONVERSION = YES_AGGRESSIVE;
				CLANG_CXX_LANGUAGE_STANDARD = "gnu++14";
				CLANG_CXX_LIBRARY = "libc++";
				CLANG_ENABLE_MODULES = YES;
				CLANG_ENABLE_OBJC_ARC = YES;
				CLANG_ENABLE_OBJC_WEAK = YES;
				CLANG_WARN_BLOCK_CAPTURE_AUTORELEASING = YES;
				CLANG_WARN_BOOL_CONVERSION = YES;
				CLANG_WARN_COMMA = YES;
				CLANG_WARN_CONSTANT_CONVERSION = YES;
				CLANG_WARN_DEPRECATED_OBJC_IMPLEMENTATIONS = YES;
				CLANG_WARN_DIRECT_OBJC_ISA_USAGE = YES_ERROR;
				CLANG_WARN_DOCUMENTATION_COMMENTS = YES;
				CLANG_WARN_EMPTY_BODY = YES;
				CLANG_WARN_ENUM_CONVERSION = YES;
				CLANG_WARN_INFINITE_RECURSION = YES;
				CLANG_WARN_INT_CONVERSION = YES;
				CLANG_WARN_NON_LITERAL_NULL_CONVERSION = YES;
				CLANG_WARN_OBJC_IMPLICIT_RETAIN_SELF = YES;
				CLANG_WARN_OBJC_LITERAL_CONVERSION = YES;
				CLANG_WARN_OBJC_ROOT_CLASS = YES_ERROR;
				CLANG_WARN_QUOTED_INCLUDE_IN_FRAMEWORK_HEADER = YES;
				CLANG_WARN_RANGE_LOOP_ANALYSIS = YES;
				CLANG_WARN_STRICT_PROTOTYPES = YES;
				CLANG_WARN_SUSPICIOUS_MOVE = YES;
				CLANG_WARN_UNGUARDED_AVAILABILITY = YES_AGGRESSIVE;
				CLANG_WARN_UNREACHABLE_CODE = YES;
				CLANG_WARN__DUPLICATE_METHOD_MATCH = YES;
				COPY_PHASE_STRIP = NO;
				DEBUG_INFORMATION_FORMAT = "dwarf-with-dsym";
				ENABLE_NS_ASSERTIONS = NO;
				ENABLE_STRICT_OBJC_MSGSEND = YES;
				GCC_C_LANGUAGE_STANDARD = gnu11;
				GCC_NO_COMMON_BLOCKS = YES;
				GCC_WARN_64_TO_32_BIT_CONVERSION = YES;
				GCC_WARN_ABOUT_RETURN_TYPE = YES_ERROR;
				GCC_WARN_UNDECLARED_SELECTOR = YES;
				GCC_WARN_UNINITIALIZED_AUTOS = YES_AGGRESSIVE;
				GCC_WARN_UNUSED_FUNCTION = YES;
				GCC_WARN_UNUSED_VARIABLE = YES;
				IPHONEOS_DEPLOYMENT_TARGET = 14.5;
				MTL_ENABLE_DEBUG_INFO = NO;
				MTL_FAST_MATH = YES;
				SDKROOT = iphoneos;
				SWIFT_COMPILATION_MODE = wholemodule;
				SWIFT_OPTIMIZATION_LEVEL = "-O";
				VALIDATE_PRODUCT = YES;
			};
			name = Release;
		};
		F5A131C026D7E8C200110A1D /* Debug */ = {
			isa = XCBuildConfiguration;
			baseConfigurationReference = 24E66B478EAD23645936EE31 /* Pods-SpotifyMock.debug.xcconfig */;
			buildSettings = {
				ASSETCATALOG_COMPILER_APPICON_NAME = AppIcon;
				ASSETCATALOG_COMPILER_GLOBAL_ACCENT_COLOR_NAME = AccentColor;
				CODE_SIGN_STYLE = Automatic;
				DEVELOPMENT_TEAM = TXJL8Q2K7S;
				INFOPLIST_FILE = SpotifyMock/Info.plist;
				LD_RUNPATH_SEARCH_PATHS = (
					"$(inherited)",
					"@executable_path/Frameworks",
				);
				PRODUCT_BUNDLE_IDENTIFIER = com.codeWithZar.SpotifyMock;
				PRODUCT_NAME = "$(TARGET_NAME)";
				SWIFT_VERSION = 5.0;
				TARGETED_DEVICE_FAMILY = "1,2";
			};
			name = Debug;
		};
		F5A131C126D7E8C200110A1D /* Release */ = {
			isa = XCBuildConfiguration;
			baseConfigurationReference = 615F647DB35431BCC9A53F37 /* Pods-SpotifyMock.release.xcconfig */;
			buildSettings = {
				ASSETCATALOG_COMPILER_APPICON_NAME = AppIcon;
				ASSETCATALOG_COMPILER_GLOBAL_ACCENT_COLOR_NAME = AccentColor;
				CODE_SIGN_STYLE = Automatic;
				DEVELOPMENT_TEAM = TXJL8Q2K7S;
				INFOPLIST_FILE = SpotifyMock/Info.plist;
				LD_RUNPATH_SEARCH_PATHS = (
					"$(inherited)",
					"@executable_path/Frameworks",
				);
				PRODUCT_BUNDLE_IDENTIFIER = com.codeWithZar.SpotifyMock;
				PRODUCT_NAME = "$(TARGET_NAME)";
				SWIFT_VERSION = 5.0;
				TARGETED_DEVICE_FAMILY = "1,2";
			};
			name = Release;
		};
/* End XCBuildConfiguration section */

/* Begin XCConfigurationList section */
		F5A131A326D7E8C100110A1D /* Build configuration list for PBXProject "SpotifyMock" */ = {
			isa = XCConfigurationList;
			buildConfigurations = (
				F5A131BD26D7E8C200110A1D /* Debug */,
				F5A131BE26D7E8C200110A1D /* Release */,
			);
			defaultConfigurationIsVisible = 0;
			defaultConfigurationName = Release;
		};
		F5A131BF26D7E8C200110A1D /* Build configuration list for PBXNativeTarget "SpotifyMock" */ = {
			isa = XCConfigurationList;
			buildConfigurations = (
				F5A131C026D7E8C200110A1D /* Debug */,
				F5A131C126D7E8C200110A1D /* Release */,
			);
			defaultConfigurationIsVisible = 0;
			defaultConfigurationName = Release;
		};
/* End XCConfigurationList section */

/* Begin XCVersionGroup section */
		F5A131B426D7E8C100110A1D /* SpotifyMock.xcdatamodeld */ = {
			isa = XCVersionGroup;
			children = (
				F5A131B526D7E8C100110A1D /* SpotifyMock.xcdatamodel */,
			);
			currentVersion = F5A131B526D7E8C100110A1D /* SpotifyMock.xcdatamodel */;
			path = SpotifyMock.xcdatamodeld;
			sourceTree = "<group>";
			versionGroupType = wrapper.xcdatamodel;
		};
/* End XCVersionGroup section */
	};
	rootObject = F5A131A026D7E8C100110A1D /* Project object */;
}
